
Microsoft Visual Studio Solution File, Format Version 12.00
# Visual Studio 14
VisualStudioVersion = 14.0.25420.1
MinimumVisualStudioVersion = 10.0.40219.1
Project("{FAE04EC0-301F-11D3-BF4B-00C04F79EFBC}") = "paralib-dal", "paralib-dal\paralib-dal.csproj", "{BE7E9259-7ABD-440F-B58A-2A2D6A5F525E}"
EndProject
Project("{FAE04EC0-301F-11D3-BF4B-00C04F79EFBC}") = "paralib-migrations", "paralib-migrations\paralib-migrations.csproj", "{9FB29601-877A-4B69-BBC9-A40673EC1BEC}"
EndProject
Project("{FAE04EC0-301F-11D3-BF4B-00C04F79EFBC}") = "paralib-mvc", "paralib-mvc\paralib-mvc.csproj", "{9067FF6E-8819-4CB3-9E50-197C11A0633F}"
EndProject
Project("{FAE04EC0-301F-11D3-BF4B-00C04F79EFBC}") = "paralib-common", "paralib-common\paralib-common.csproj", "{101E2741-5A3D-460B-BDF4-F5E5BD27CF1C}"
EndProject
Project("{FAE04EC0-301F-11D3-BF4B-00C04F79EFBC}") = "paralib-xandroid", "paralib-xandroid\paralib-xandroid.csproj", "{B391566B-94C5-4E32-B77C-29215619D5B9}"
EndProject
Project("{FAE04EC0-301F-11D3-BF4B-00C04F79EFBC}") = "paraquery", "paraquery\paraquery.csproj", "{0991CEE4-CF87-4BD0-8BAD-70FB28AC3B37}"
EndProject
Project("{FAE04EC0-301F-11D3-BF4B-00C04F79EFBC}") = "paratables", "paratables\paratables.csproj", "{E0C220E1-2FD1-407F-8938-D8C6707A03A0}"
EndProject
Project("{FAE04EC0-301F-11D3-BF4B-00C04F79EFBC}") = "paralib-gen", "paralib-gen\paralib-gen.csproj", "{55C1AC99-D46C-41B7-B1D2-77E4760DDF6E}"
EndProject
Project("{FAE04EC0-301F-11D3-BF4B-00C04F79EFBC}") = "parahtml", "parahtml\parahtml.csproj", "{F72B0961-D74C-4260-8C8D-C616D51B68C9}"
EndProject
Project("{FAE04EC0-301F-11D3-BF4B-00C04F79EFBC}") = "parahtml-mvc", "parahtml-mvc\parahtml-mvc.csproj", "{5EC86A33-4676-45C6-890E-E79CE0D28345}"
EndProject
Global
	GlobalSection(SolutionConfigurationPlatforms) = preSolution
		Debug|Any CPU = Debug|Any CPU
		Debug|iPhone = Debug|iPhone
		Debug|iPhoneSimulator = Debug|iPhoneSimulator
		Release|Any CPU = Release|Any CPU
		Release|iPhone = Release|iPhone
		Release|iPhoneSimulator = Release|iPhoneSimulator
	EndGlobalSection
	GlobalSection(ProjectConfigurationPlatforms) = postSolution
		{BE7E9259-7ABD-440F-B58A-2A2D6A5F525E}.Debug|Any CPU.ActiveCfg = Debug|Any CPU
		{BE7E9259-7ABD-440F-B58A-2A2D6A5F525E}.Debug|Any CPU.Build.0 = Debug|Any CPU
		{BE7E9259-7ABD-440F-B58A-2A2D6A5F525E}.Debug|iPhone.ActiveCfg = Debug|Any CPU
		{BE7E9259-7ABD-440F-B58A-2A2D6A5F525E}.Debug|iPhone.Build.0 = Debug|Any CPU
		{BE7E9259-7ABD-440F-B58A-2A2D6A5F525E}.Debug|iPhoneSimulator.ActiveCfg = Debug|Any CPU
		{BE7E9259-7ABD-440F-B58A-2A2D6A5F525E}.Debug|iPhoneSimulator.Build.0 = Debug|Any CPU
		{BE7E9259-7ABD-440F-B58A-2A2D6A5F525E}.Release|Any CPU.ActiveCfg = Release|Any CPU
		{BE7E9259-7ABD-440F-B58A-2A2D6A5F525E}.Release|Any CPU.Build.0 = Release|Any CPU
		{BE7E9259-7ABD-440F-B58A-2A2D6A5F525E}.Release|iPhone.ActiveCfg = Release|Any CPU
		{BE7E9259-7ABD-440F-B58A-2A2D6A5F525E}.Release|iPhone.Build.0 = Release|Any CPU
		{BE7E9259-7ABD-440F-B58A-2A2D6A5F525E}.Release|iPhoneSimulator.ActiveCfg = Release|Any CPU
		{BE7E9259-7ABD-440F-B58A-2A2D6A5F525E}.Release|iPhoneSimulator.Build.0 = Release|Any CPU
		{9FB29601-877A-4B69-BBC9-A40673EC1BEC}.Debug|Any CPU.ActiveCfg = Debug|Any CPU
		{9FB29601-877A-4B69-BBC9-A40673EC1BEC}.Debug|Any CPU.Build.0 = Debug|Any CPU
		{9FB29601-877A-4B69-BBC9-A40673EC1BEC}.Debug|iPhone.ActiveCfg = Debug|Any CPU
		{9FB29601-877A-4B69-BBC9-A40673EC1BEC}.Debug|iPhone.Build.0 = Debug|Any CPU
		{9FB29601-877A-4B69-BBC9-A40673EC1BEC}.Debug|iPhoneSimulator.ActiveCfg = Debug|Any CPU
		{9FB29601-877A-4B69-BBC9-A40673EC1BEC}.Debug|iPhoneSimulator.Build.0 = Debug|Any CPU
		{9FB29601-877A-4B69-BBC9-A40673EC1BEC}.Release|Any CPU.ActiveCfg = Release|Any CPU
		{9FB29601-877A-4B69-BBC9-A40673EC1BEC}.Release|Any CPU.Build.0 = Release|Any CPU
		{9FB29601-877A-4B69-BBC9-A40673EC1BEC}.Release|iPhone.ActiveCfg = Release|Any CPU
		{9FB29601-877A-4B69-BBC9-A40673EC1BEC}.Release|iPhone.Build.0 = Release|Any CPU
		{9FB29601-877A-4B69-BBC9-A40673EC1BEC}.Release|iPhoneSimulator.ActiveCfg = Release|Any CPU
		{9FB29601-877A-4B69-BBC9-A40673EC1BEC}.Release|iPhoneSimulator.Build.0 = Release|Any CPU
		{9067FF6E-8819-4CB3-9E50-197C11A0633F}.Debug|Any CPU.ActiveCfg = Debug|Any CPU
		{9067FF6E-8819-4CB3-9E50-197C11A0633F}.Debug|Any CPU.Build.0 = Debug|Any CPU
		{9067FF6E-8819-4CB3-9E50-197C11A0633F}.Debug|iPhone.ActiveCfg = Debug|Any CPU
		{9067FF6E-8819-4CB3-9E50-197C11A0633F}.Debug|iPhone.Build.0 = Debug|Any CPU
		{9067FF6E-8819-4CB3-9E50-197C11A0633F}.Debug|iPhoneSimulator.ActiveCfg = Debug|Any CPU
		{9067FF6E-8819-4CB3-9E50-197C11A0633F}.Debug|iPhoneSimulator.Build.0 = Debug|Any CPU
		{9067FF6E-8819-4CB3-9E50-197C11A0633F}.Release|Any CPU.ActiveCfg = Release|Any CPU
		{9067FF6E-8819-4CB3-9E50-197C11A0633F}.Release|Any CPU.Build.0 = Release|Any CPU
		{9067FF6E-8819-4CB3-9E50-197C11A0633F}.Release|iPhone.ActiveCfg = Release|Any CPU
		{9067FF6E-8819-4CB3-9E50-197C11A0633F}.Release|iPhone.Build.0 = Release|Any CPU
		{9067FF6E-8819-4CB3-9E50-197C11A0633F}.Release|iPhoneSimulator.ActiveCfg = Release|Any CPU
		{9067FF6E-8819-4CB3-9E50-197C11A0633F}.Release|iPhoneSimulator.Build.0 = Release|Any CPU
		{101E2741-5A3D-460B-BDF4-F5E5BD27CF1C}.Debug|Any CPU.ActiveCfg = Debug|Any CPU
		{101E2741-5A3D-460B-BDF4-F5E5BD27CF1C}.Debug|Any CPU.Build.0 = Debug|Any CPU
		{101E2741-5A3D-460B-BDF4-F5E5BD27CF1C}.Debug|iPhone.ActiveCfg = Debug|Any CPU
		{101E2741-5A3D-460B-BDF4-F5E5BD27CF1C}.Debug|iPhone.Build.0 = Debug|Any CPU
		{101E2741-5A3D-460B-BDF4-F5E5BD27CF1C}.Debug|iPhoneSimulator.ActiveCfg = Debug|Any CPU
		{101E2741-5A3D-460B-BDF4-F5E5BD27CF1C}.Debug|iPhoneSimulator.Build.0 = Debug|Any CPU
		{101E2741-5A3D-460B-BDF4-F5E5BD27CF1C}.Release|Any CPU.ActiveCfg = Release|Any CPU
		{101E2741-5A3D-460B-BDF4-F5E5BD27CF1C}.Release|Any CPU.Build.0 = Release|Any CPU
		{101E2741-5A3D-460B-BDF4-F5E5BD27CF1C}.Release|iPhone.ActiveCfg = Release|Any CPU
		{101E2741-5A3D-460B-BDF4-F5E5BD27CF1C}.Release|iPhone.Build.0 = Release|Any CPU
		{101E2741-5A3D-460B-BDF4-F5E5BD27CF1C}.Release|iPhoneSimulator.ActiveCfg = Release|Any CPU
		{101E2741-5A3D-460B-BDF4-F5E5BD27CF1C}.Release|iPhoneSimulator.Build.0 = Release|Any CPU
		{B391566B-94C5-4E32-B77C-29215619D5B9}.Debug|Any CPU.ActiveCfg = Debug|Any CPU
		{B391566B-94C5-4E32-B77C-29215619D5B9}.Debug|Any CPU.Build.0 = Debug|Any CPU
		{B391566B-94C5-4E32-B77C-29215619D5B9}.Debug|iPhone.ActiveCfg = Debug|Any CPU
		{B391566B-94C5-4E32-B77C-29215619D5B9}.Debug|iPhone.Build.0 = Debug|Any CPU
		{B391566B-94C5-4E32-B77C-29215619D5B9}.Debug|iPhoneSimulator.ActiveCfg = Debug|Any CPU
		{B391566B-94C5-4E32-B77C-29215619D5B9}.Debug|iPhoneSimulator.Build.0 = Debug|Any CPU
		{B391566B-94C5-4E32-B77C-29215619D5B9}.Release|Any CPU.ActiveCfg = Release|Any CPU
		{B391566B-94C5-4E32-B77C-29215619D5B9}.Release|Any CPU.Build.0 = Release|Any CPU
		{B391566B-94C5-4E32-B77C-29215619D5B9}.Release|iPhone.ActiveCfg = Release|Any CPU
		{B391566B-94C5-4E32-B77C-29215619D5B9}.Release|iPhone.Build.0 = Release|Any CPU
		{B391566B-94C5-4E32-B77C-29215619D5B9}.Release|iPhoneSimulator.ActiveCfg = Release|Any CPU
		{B391566B-94C5-4E32-B77C-29215619D5B9}.Release|iPhoneSimulator.Build.0 = Release|Any CPU
		{0991CEE4-CF87-4BD0-8BAD-70FB28AC3B37}.Debug|Any CPU.ActiveCfg = Debug|Any CPU
		{0991CEE4-CF87-4BD0-8BAD-70FB28AC3B37}.Debug|Any CPU.Build.0 = Debug|Any CPU
		{0991CEE4-CF87-4BD0-8BAD-70FB28AC3B37}.Debug|iPhone.ActiveCfg = Debug|Any CPU
		{0991CEE4-CF87-4BD0-8BAD-70FB28AC3B37}.Debug|iPhone.Build.0 = Debug|Any CPU
		{0991CEE4-CF87-4BD0-8BAD-70FB28AC3B37}.Debug|iPhoneSimulator.ActiveCfg = Debug|Any CPU
		{0991CEE4-CF87-4BD0-8BAD-70FB28AC3B37}.Debug|iPhoneSimulator.Build.0 = Debug|Any CPU
		{0991CEE4-CF87-4BD0-8BAD-70FB28AC3B37}.Release|Any CPU.ActiveCfg = Release|Any CPU
		{0991CEE4-CF87-4BD0-8BAD-70FB28AC3B37}.Release|Any CPU.Build.0 = Release|Any CPU
		{0991CEE4-CF87-4BD0-8BAD-70FB28AC3B37}.Release|iPhone.ActiveCfg = Release|Any CPU
		{0991CEE4-CF87-4BD0-8BAD-70FB28AC3B37}.Release|iPhone.Build.0 = Release|Any CPU
		{0991CEE4-CF87-4BD0-8BAD-70FB28AC3B37}.Release|iPhoneSimulator.ActiveCfg = Release|Any CPU
		{0991CEE4-CF87-4BD0-8BAD-70FB28AC3B37}.Release|iPhoneSimulator.Build.0 = Release|Any CPU
		{E0C220E1-2FD1-407F-8938-D8C6707A03A0}.Debug|Any CPU.ActiveCfg = Debug|Any CPU
		{E0C220E1-2FD1-407F-8938-D8C6707A03A0}.Debug|Any CPU.Build.0 = Debug|Any CPU
		{E0C220E1-2FD1-407F-8938-D8C6707A03A0}.Debug|iPhone.ActiveCfg = Debug|Any CPU
		{E0C220E1-2FD1-407F-8938-D8C6707A03A0}.Debug|iPhone.Build.0 = Debug|Any CPU
		{E0C220E1-2FD1-407F-8938-D8C6707A03A0}.Debug|iPhoneSimulator.ActiveCfg = Debug|Any CPU
		{E0C220E1-2FD1-407F-8938-D8C6707A03A0}.Debug|iPhoneSimulator.Build.0 = Debug|Any CPU
		{E0C220E1-2FD1-407F-8938-D8C6707A03A0}.Release|Any CPU.ActiveCfg = Release|Any CPU
		{E0C220E1-2FD1-407F-8938-D8C6707A03A0}.Release|Any CPU.Build.0 = Release|Any CPU
		{E0C220E1-2FD1-407F-8938-D8C6707A03A0}.Release|iPhone.ActiveCfg = Release|Any CPU
		{E0C220E1-2FD1-407F-8938-D8C6707A03A0}.Release|iPhone.Build.0 = Release|Any CPU
		{E0C220E1-2FD1-407F-8938-D8C6707A03A0}.Release|iPhoneSimulator.ActiveCfg = Release|Any CPU
		{E0C220E1-2FD1-407F-8938-D8C6707A03A0}.Release|iPhoneSimulator.Build.0 = Release|Any CPU
		{55C1AC99-D46C-41B7-B1D2-77E4760DDF6E}.Debug|Any CPU.ActiveCfg = Debug|Any CPU
		{55C1AC99-D46C-41B7-B1D2-77E4760DDF6E}.Debug|Any CPU.Build.0 = Debug|Any CPU
		{55C1AC99-D46C-41B7-B1D2-77E4760DDF6E}.Debug|iPhone.ActiveCfg = Debug|Any CPU
		{55C1AC99-D46C-41B7-B1D2-77E4760DDF6E}.Debug|iPhone.Build.0 = Debug|Any CPU
		{55C1AC99-D46C-41B7-B1D2-77E4760DDF6E}.Debug|iPhoneSimulator.ActiveCfg = Debug|Any CPU
		{55C1AC99-D46C-41B7-B1D2-77E4760DDF6E}.Debug|iPhoneSimulator.Build.0 = Debug|Any CPU
		{55C1AC99-D46C-41B7-B1D2-77E4760DDF6E}.Release|Any CPU.ActiveCfg = Release|Any CPU
		{55C1AC99-D46C-41B7-B1D2-77E4760DDF6E}.Release|Any CPU.Build.0 = Release|Any CPU
		{55C1AC99-D46C-41B7-B1D2-77E4760DDF6E}.Release|iPhone.ActiveCfg = Release|Any CPU
		{55C1AC99-D46C-41B7-B1D2-77E4760DDF6E}.Release|iPhone.Build.0 = Release|Any CPU
		{55C1AC99-D46C-41B7-B1D2-77E4760DDF6E}.Release|iPhoneSimulator.ActiveCfg = Release|Any CPU
		{55C1AC99-D46C-41B7-B1D2-77E4760DDF6E}.Release|iPhoneSimulator.Build.0 = Release|Any CPU
		{F72B0961-D74C-4260-8C8D-C616D51B68C9}.Debug|Any CPU.ActiveCfg = Debug|Any CPU
		{F72B0961-D74C-4260-8C8D-C616D51B68C9}.Debug|Any CPU.Build.0 = Debug|Any CPU
		{F72B0961-D74C-4260-8C8D-C616D51B68C9}.Debug|iPhone.ActiveCfg = Debug|Any CPU
		{F72B0961-D74C-4260-8C8D-C616D51B68C9}.Debug|iPhone.Build.0 = Debug|Any CPU
		{F72B0961-D74C-4260-8C8D-C616D51B68C9}.Debug|iPhoneSimulator.ActiveCfg = Debug|Any CPU
		{F72B0961-D74C-4260-8C8D-C616D51B68C9}.Debug|iPhoneSimulator.Build.0 = Debug|Any CPU
		{F72B0961-D74C-4260-8C8D-C616D51B68C9}.Release|Any CPU.ActiveCfg = Release|Any CPU
		{F72B0961-D74C-4260-8C8D-C616D51B68C9}.Release|Any CPU.Build.0 = Release|Any CPU
		{F72B0961-D74C-4260-8C8D-C616D51B68C9}.Release|iPhone.ActiveCfg = Release|Any CPU
		{F72B0961-D74C-4260-8C8D-C616D51B68C9}.Release|iPhone.Build.0 = Release|Any CPU
		{F72B0961-D74C-4260-8C8D-C616D51B68C9}.Release|iPhoneSimulator.ActiveCfg = Release|Any CPU
		{F72B0961-D74C-4260-8C8D-C616D51B68C9}.Release|iPhoneSimulator.Build.0 = Release|Any CPU
		{5EC86A33-4676-45C6-890E-E79CE0D28345}.Debug|Any CPU.ActiveCfg = Debug|Any CPU
		{5EC86A33-4676-45C6-890E-E79CE0D28345}.Debug|Any CPU.Build.0 = Debug|Any CPU
		{5EC86A33-4676-45C6-890E-E79CE0D28345}.Debug|iPhone.ActiveCfg = Debug|Any CPU
		{5EC86A33-4676-45C6-890E-E79CE0D28345}.Debug|iPhone.Build.0 = Debug|Any CPU
		{5EC86A33-4676-45C6-890E-E79CE0D28345}.Debug|iPhoneSimulator.ActiveCfg = Debug|Any CPU
		{5EC86A33-4676-45C6-890E-E79CE0D28345}.Debug|iPhoneSimulator.Build.0 = Debug|Any CPU
		{5EC86A33-4676-45C6-890E-E79CE0D28345}.Release|Any CPU.ActiveCfg = Release|Any CPU
		{5EC86A33-4676-45C6-890E-E79CE0D28345}.Release|Any CPU.Build.0 = Release|Any CPU
		{5EC86A33-4676-45C6-890E-E79CE0D28345}.Release|iPhone.ActiveCfg = Release|Any CPU
		{5EC86A33-4676-45C6-890E-E79CE0D28345}.Release|iPhone.Build.0 = Release|Any CPU
		{5EC86A33-4676-45C6-890E-E79CE0D28345}.Release|iPhoneSimulator.ActiveCfg = Release|Any CPU
		{5EC86A33-4676-45C6-890E-E79CE0D28345}.Release|iPhoneSimulator.Build.0 = Release|Any CPU
	EndGlobalSection
	GlobalSection(SolutionProperties) = preSolution
		HideSolutionNode = FALSE
	EndGlobalSection
EndGlobal
